// !$*UTF8*$!
{
	archiveVersion = 1;
	classes = {
	};
	objectVersion = 50;
	objects = {

/* Begin PBXBuildFile section */
		5DDBE946240D3C0B00134468 /* AppDelegate.swift in Sources */ = {isa = PBXBuildFile; fileRef = 5DDBE945240D3C0B00134468 /* AppDelegate.swift */; };
		5DDBE948240D3C0B00134468 /* SceneDelegate.swift in Sources */ = {isa = PBXBuildFile; fileRef = 5DDBE947240D3C0B00134468 /* SceneDelegate.swift */; };
		5DDBE94A240D3C0B00134468 /* ViewController.swift in Sources */ = {isa = PBXBuildFile; fileRef = 5DDBE949240D3C0B00134468 /* ViewController.swift */; };
		5DDBE94D240D3C0B00134468 /* Main.storyboard in Resources */ = {isa = PBXBuildFile; fileRef = 5DDBE94B240D3C0B00134468 /* Main.storyboard */; };
		5DDBE94F240D3C0F00134468 /* Assets.xcassets in Resources */ = {isa = PBXBuildFile; fileRef = 5DDBE94E240D3C0F00134468 /* Assets.xcassets */; };
		5DDBE952240D3C0F00134468 /* LaunchScreen.storyboard in Resources */ = {isa = PBXBuildFile; fileRef = 5DDBE950240D3C0F00134468 /* LaunchScreen.storyboard */; };
		5DDBE95D240D3C1000134468 /* TextGitLoginTests.swift in Sources */ = {isa = PBXBuildFile; fileRef = 5DDBE95C240D3C1000134468 /* TextGitLoginTests.swift */; };
		5DDBE968240D3C1000134468 /* TextGitLoginUITests.swift in Sources */ = {isa = PBXBuildFile; fileRef = 5DDBE967240D3C1000134468 /* TextGitLoginUITests.swift */; };
/* End PBXBuildFile section */

/* Begin PBXContainerItemProxy section */
		5DDBE959240D3C1000134468 /* PBXContainerItemProxy */ = {
			isa = PBXContainerItemProxy;
			containerPortal = 5DDBE93A240D3C0B00134468 /* Project object */;
			proxyType = 1;
			remoteGlobalIDString = 5DDBE941240D3C0B00134468;
			remoteInfo = TextGitLogin;
		};
		5DDBE964240D3C1000134468 /* PBXContainerItemProxy */ = {
			isa = PBXContainerItemProxy;
			containerPortal = 5DDBE93A240D3C0B00134468 /* Project object */;
			proxyType = 1;
			remoteGlobalIDString = 5DDBE941240D3C0B00134468;
			remoteInfo = TextGitLogin;
		};
/* End PBXContainerItemProxy section */

/* Begin PBXFileReference section */
		5DDBE942240D3C0B00134468 /* TextGitLogin.app */ = {isa = PBXFileReference; explicitFileType = wrapper.application; includeInIndex = 0; path = TextGitLogin.app; sourceTree = BUILT_PRODUCTS_DIR; };
		5DDBE945240D3C0B00134468 /* AppDelegate.swift */ = {isa = PBXFileReference; lastKnownFileType = sourcecode.swift; path = AppDelegate.swift; sourceTree = "<group>"; };
		5DDBE947240D3C0B00134468 /* SceneDelegate.swift */ = {isa = PBXFileReference; lastKnownFileType = sourcecode.swift; path = SceneDelegate.swift; sourceTree = "<group>"; };
		5DDBE949240D3C0B00134468 /* ViewController.swift */ = {isa = PBXFileReference; lastKnownFileType = sourcecode.swift; path = ViewController.swift; sourceTree = "<group>"; };
		5DDBE94C240D3C0B00134468 /* Base */ = {isa = PBXFileReference; lastKnownFileType = file.storyboard; name = Base; path = Base.lproj/Main.storyboard; sourceTree = "<group>"; };
		5DDBE94E240D3C0F00134468 /* Assets.xcassets */ = {isa = PBXFileReference; lastKnownFileType = folder.assetcatalog; path = Assets.xcassets; sourceTree = "<group>"; };
		5DDBE951240D3C0F00134468 /* Base */ = {isa = PBXFileReference; lastKnownFileType = file.storyboard; name = Base; path = Base.lproj/LaunchScreen.storyboard; sourceTree = "<group>"; };
		5DDBE953240D3C0F00134468 /* Info.plist */ = {isa = PBXFileReference; lastKnownFileType = text.plist.xml; path = Info.plist; sourceTree = "<group>"; };
		5DDBE958240D3C1000134468 /* TextGitLoginTests.xctest */ = {isa = PBXFileReference; explicitFileType = wrapper.cfbundle; includeInIndex = 0; path = TextGitLoginTests.xctest; sourceTree = BUILT_PRODUCTS_DIR; };
		5DDBE95C240D3C1000134468 /* TextGitLoginTests.swift */ = {isa = PBXFileReference; lastKnownFileType = sourcecode.swift; path = TextGitLoginTests.swift; sourceTree = "<group>"; };
		5DDBE95E240D3C1000134468 /* Info.plist */ = {isa = PBXFileReference; lastKnownFileType = text.plist.xml; path = Info.plist; sourceTree = "<group>"; };
		5DDBE963240D3C1000134468 /* TextGitLoginUITests.xctest */ = {isa = PBXFileReference; explicitFileType = wrapper.cfbundle; includeInIndex = 0; path = TextGitLoginUITests.xctest; sourceTree = BUILT_PRODUCTS_DIR; };
		5DDBE967240D3C1000134468 /* TextGitLoginUITests.swift */ = {isa = PBXFileReference; lastKnownFileType = sourcecode.swift; path = TextGitLoginUITests.swift; sourceTree = "<group>"; };
		5DDBE969240D3C1000134468 /* Info.plist */ = {isa = PBXFileReference; lastKnownFileType = text.plist.xml; path = Info.plist; sourceTree = "<group>"; };
/* End PBXFileReference section */

/* Begin PBXFrameworksBuildPhase section */
		5DDBE93F240D3C0B00134468 /* Frameworks */ = {
			isa = PBXFrameworksBuildPhase;
			buildActionMask = 2147483647;
			files = (
			);
			runOnlyForDeploymentPostprocessing = 0;
		};
		5DDBE955240D3C1000134468 /* Frameworks */ = {
			isa = PBXFrameworksBuildPhase;
			buildActionMask = 2147483647;
			files = (
			);
			runOnlyForDeploymentPostprocessing = 0;
		};
		5DDBE960240D3C1000134468 /* Frameworks */ = {
			isa = PBXFrameworksBuildPhase;
			buildActionMask = 2147483647;
			files = (
			);
			runOnlyForDeploymentPostprocessing = 0;
		};
/* End PBXFrameworksBuildPhase section */

/* Begin PBXGroup section */
		5DDBE939240D3C0B00134468 = {
			isa = PBXGroup;
			children = (
				5DDBE944240D3C0B00134468 /* TextGitLogin */,
				5DDBE95B240D3C1000134468 /* TextGitLoginTests */,
				5DDBE966240D3C1000134468 /* TextGitLoginUITests */,
				5DDBE943240D3C0B00134468 /* Products */,
			);
			sourceTree = "<group>";
		};
		5DDBE943240D3C0B00134468 /* Products */ = {
			isa = PBXGroup;
			children = (
				5DDBE942240D3C0B00134468 /* TextGitLogin.app */,
				5DDBE958240D3C1000134468 /* TextGitLoginTests.xctest */,
				5DDBE963240D3C1000134468 /* TextGitLoginUITests.xctest */,
			);
			name = Products;
			sourceTree = "<group>";
		};
		5DDBE944240D3C0B00134468 /* TextGitLogin */ = {
			isa = PBXGroup;
			children = (
				5DDBE945240D3C0B00134468 /* AppDelegate.swift */,
				5DDBE947240D3C0B00134468 /* SceneDelegate.swift */,
				5DDBE949240D3C0B00134468 /* ViewController.swift */,
				5DDBE94B240D3C0B00134468 /* Main.storyboard */,
				5DDBE94E240D3C0F00134468 /* Assets.xcassets */,
				5DDBE950240D3C0F00134468 /* LaunchScreen.storyboard */,
				5DDBE953240D3C0F00134468 /* Info.plist */,
			);
			path = TextGitLogin;
			sourceTree = "<group>";
		};
		5DDBE95B240D3C1000134468 /* TextGitLoginTests */ = {
			isa = PBXGroup;
			children = (
				5DDBE95C240D3C1000134468 /* TextGitLoginTests.swift */,
				5DDBE95E240D3C1000134468 /* Info.plist */,
			);
			path = TextGitLoginTests;
			sourceTree = "<group>";
		};
		5DDBE966240D3C1000134468 /* TextGitLoginUITests */ = {
			isa = PBXGroup;
			children = (
				5DDBE967240D3C1000134468 /* TextGitLoginUITests.swift */,
				5DDBE969240D3C1000134468 /* Info.plist */,
			);
			path = TextGitLoginUITests;
			sourceTree = "<group>";
		};
/* End PBXGroup section */

/* Begin PBXNativeTarget section */
		5DDBE941240D3C0B00134468 /* TextGitLogin */ = {
			isa = PBXNativeTarget;
			buildConfigurationList = 5DDBE96C240D3C1000134468 /* Build configuration list for PBXNativeTarget "TextGitLogin" */;
			buildPhases = (
				5DDBE93E240D3C0B00134468 /* Sources */,
				5DDBE93F240D3C0B00134468 /* Frameworks */,
				5DDBE940240D3C0B00134468 /* Resources */,
			);
			buildRules = (
			);
			dependencies = (
			);
			name = TextGitLogin;
			productName = TextGitLogin;
			productReference = 5DDBE942240D3C0B00134468 /* TextGitLogin.app */;
			productType = "com.apple.product-type.application";
		};
		5DDBE957240D3C1000134468 /* TextGitLoginTests */ = {
			isa = PBXNativeTarget;
			buildConfigurationList = 5DDBE96F240D3C1000134468 /* Build configuration list for PBXNativeTarget "TextGitLoginTests" */;
			buildPhases = (
				5DDBE954240D3C1000134468 /* Sources */,
				5DDBE955240D3C1000134468 /* Frameworks */,
				5DDBE956240D3C1000134468 /* Resources */,
			);
			buildRules = (
			);
			dependencies = (
				5DDBE95A240D3C1000134468 /* PBXTargetDependency */,
			);
			name = TextGitLoginTests;
			productName = TextGitLoginTests;
			productReference = 5DDBE958240D3C1000134468 /* TextGitLoginTests.xctest */;
			productType = "com.apple.product-type.bundle.unit-test";
		};
		5DDBE962240D3C1000134468 /* TextGitLoginUITests */ = {
			isa = PBXNativeTarget;
			buildConfigurationList = 5DDBE972240D3C1000134468 /* Build configuration list for PBXNativeTarget "TextGitLoginUITests" */;
			buildPhases = (
				5DDBE95F240D3C1000134468 /* Sources */,
				5DDBE960240D3C1000134468 /* Frameworks */,
				5DDBE961240D3C1000134468 /* Resources */,
			);
			buildRules = (
			);
			dependencies = (
				5DDBE965240D3C1000134468 /* PBXTargetDependency */,
			);
			name = TextGitLoginUITests;
			productName = TextGitLoginUITests;
			productReference = 5DDBE963240D3C1000134468 /* TextGitLoginUITests.xctest */;
			productType = "com.apple.product-type.bundle.ui-testing";
		};
/* End PBXNativeTarget section */

/* Begin PBXProject section */
		5DDBE93A240D3C0B00134468 /* Project object */ = {
			isa = PBXProject;
			attributes = {
				LastSwiftUpdateCheck = 1130;
				LastUpgradeCheck = 1130;
				ORGANIZATIONNAME = KarlJay;
				TargetAttributes = {
					5DDBE941240D3C0B00134468 = {
						CreatedOnToolsVersion = 11.3.1;
					};
					5DDBE957240D3C1000134468 = {
						CreatedOnToolsVersion = 11.3.1;
						TestTargetID = 5DDBE941240D3C0B00134468;
					};
					5DDBE962240D3C1000134468 = {
						CreatedOnToolsVersion = 11.3.1;
						TestTargetID = 5DDBE941240D3C0B00134468;
					};
				};
			};
			buildConfigurationList = 5DDBE93D240D3C0B00134468 /* Build configuration list for PBXProject "TextGitLogin" */;
			compatibilityVersion = "Xcode 9.3";
			developmentRegion = en;
			hasScannedForEncodings = 0;
			knownRegions = (
				en,
				Base,
			);
			mainGroup = 5DDBE939240D3C0B00134468;
			productRefGroup = 5DDBE943240D3C0B00134468 /* Products */;
			projectDirPath = "";
			projectRoot = "";
			targets = (
				5DDBE941240D3C0B00134468 /* TextGitLogin */,
				5DDBE957240D3C1000134468 /* TextGitLoginTests */,
				5DDBE962240D3C1000134468 /* TextGitLoginUITests */,
			);
		};
/* End PBXProject section */

/* Begin PBXResourcesBuildPhase section */
		5DDBE940240D3C0B00134468 /* Resources */ = {
			isa = PBXResourcesBuildPhase;
			buildActionMask = 2147483647;
			files = (
				5DDBE952240D3C0F00134468 /* LaunchScreen.storyboard in Resources */,
				5DDBE94F240D3C0F00134468 /* Assets.xcassets in Resources */,
				5DDBE94D240D3C0B00134468 /* Main.storyboard in Resources */,
			);
			runOnlyForDeploymentPostprocessing = 0;
		};
		5DDBE956240D3C1000134468 /* Resources */ = {
			isa = PBXResourcesBuildPhase;
			buildActionMask = 2147483647;
			files = (
			);
			runOnlyForDeploymentPostprocessing = 0;
		};
		5DDBE961240D3C1000134468 /* Resources */ = {
			isa = PBXResourcesBuildPhase;
			buildActionMask = 2147483647;
			files = (
			);
			runOnlyForDeploymentPostprocessing = 0;
		};
/* End PBXResourcesBuildPhase section */

/* Begin PBXSourcesBuildPhase section */
		5DDBE93E240D3C0B00134468 /* Sources */ = {
			isa = PBXSourcesBuildPhase;
			buildActionMask = 2147483647;
			files = (
				5DDBE94A240D3C0B00134468 /* ViewController.swift in Sources */,
				5DDBE946240D3C0B00134468 /* AppDelegate.swift in Sources */,
				5DDBE948240D3C0B00134468 /* SceneDelegate.swift in Sources */,
			);
			runOnlyForDeploymentPostprocessing = 0;
		};
		5DDBE954240D3C1000134468 /* Sources */ = {
			isa = PBXSourcesBuildPhase;
			buildActionMask = 2147483647;
			files = (
				5DDBE95D240D3C1000134468 /* TextGitLoginTests.swift in Sources */,
			);
			runOnlyForDeploymentPostprocessing = 0;
		};
		5DDBE95F240D3C1000134468 /* Sources */ = {
			isa = PBXSourcesBuildPhase;
			buildActionMask = 2147483647;
			files = (
				5DDBE968240D3C1000134468 /* TextGitLoginUITests.swift in Sources */,
			);
			runOnlyForDeploymentPostprocessing = 0;
		};
/* End PBXSourcesBuildPhase section */

/* Begin PBXTargetDependency section */
		5DDBE95A240D3C1000134468 /* PBXTargetDependency */ = {
			isa = PBXTargetDependency;
			target = 5DDBE941240D3C0B00134468 /* TextGitLogin */;
			targetProxy = 5DDBE959240D3C1000134468 /* PBXContainerItemProxy */;
		};
		5DDBE965240D3C1000134468 /* PBXTargetDependency */ = {
			isa = PBXTargetDependency;
			target = 5DDBE941240D3C0B00134468 /* TextGitLogin */;
			targetProxy = 5DDBE964240D3C1000134468 /* PBXContainerItemProxy */;
		};
/* End PBXTargetDependency section */

/* Begin PBXVariantGroup section */
		5DDBE94B240D3C0B00134468 /* Main.storyboard */ = {
			isa = PBXVariantGroup;
			children = (
				5DDBE94C240D3C0B00134468 /* Base */,
			);
			name = Main.storyboard;
			sourceTree = "<group>";
		};
		5DDBE950240D3C0F00134468 /* LaunchScreen.storyboard */ = {
			isa = PBXVariantGroup;
			children = (
				5DDBE951240D3C0F00134468 /* Base */,
			);
			name = LaunchScreen.storyboard;
			sourceTree = "<group>";
		};
/* End PBXVariantGroup section */

/* Begin XCBuildConfiguration section */
		5DDBE96A240D3C1000134468 /* Debug */ = {
			isa = XCBuildConfiguration;
			buildSettings = {
				ALWAYS_SEARCH_USER_PATHS = NO;
				CLANG_ANALYZER_NONNULL = YES;
				CLANG_ANALYZER_NUMBER_OBJECT_CONVERSION = YES_AGGRESSIVE;
				CLANG_CXX_LANGUAGE_STANDARD = "gnu++14";
				CLANG_CXX_LIBRARY = "libc++";
				CLANG_ENABLE_MODULES = YES;
				CLANG_ENABLE_OBJC_ARC = YES;
				CLANG_ENABLE_OBJC_WEAK = YES;
				CLANG_WARN_BLOCK_CAPTURE_AUTORELEASING = YES;
				CLANG_WARN_BOOL_CONVERSION = YES;
				CLANG_WARN_COMMA = YES;
				CLANG_WARN_CONSTANT_CONVERSION = YES;
				CLANG_WARN_DEPRECATED_OBJC_IMPLEMENTATIONS = YES;
				CLANG_WARN_DIRECT_OBJC_ISA_USAGE = YES_ERROR;
				CLANG_WARN_DOCUMENTATION_COMMENTS = YES;
				CLANG_WARN_EMPTY_BODY = YES;
				CLANG_WARN_ENUM_CONVERSION = YES;
				CLANG_WARN_INFINITE_RECURSION = YES;
				CLANG_WARN_INT_CONVERSION = YES;
				CLANG_WARN_NON_LITERAL_NULL_CONVERSION = YES;
				CLANG_WARN_OBJC_IMPLICIT_RETAIN_SELF = YES;
				CLANG_WARN_OBJC_LITERAL_CONVERSION = YES;
				CLANG_WARN_OBJC_ROOT_CLASS = YES_ERROR;
				CLANG_WARN_RANGE_LOOP_ANALYSIS = YES;
				CLANG_WARN_STRICT_PROTOTYPES = YES;
				CLANG_WARN_SUSPICIOUS_MOVE = YES;
				CLANG_WARN_UNGUARDED_AVAILABILITY = YES_AGGRESSIVE;
				CLANG_WARN_UNREACHABLE_CODE = YES;
				CLANG_WARN__DUPLICATE_METHOD_MATCH = YES;
				COPY_PHASE_STRIP = NO;
				DEBUG_INFORMATION_FORMAT = dwarf;
				ENABLE_STRICT_OBJC_MSGSEND = YES;
				ENABLE_TESTABILITY = YES;
				GCC_C_LANGUAGE_STANDARD = gnu11;
				GCC_DYNAMIC_NO_PIC = NO;
				GCC_NO_COMMON_BLOCKS = YES;
				GCC_OPTIMIZATION_LEVEL = 0;
				GCC_PREPROCESSOR_DEFINITIONS = (
					"DEBUG=1",
					"$(inherited)",
				);
				GCC_WARN_64_TO_32_BIT_CONVERSION = YES;
				GCC_WARN_ABOUT_RETURN_TYPE = YES_ERROR;
				GCC_WARN_UNDECLARED_SELECTOR = YES;
				GCC_WARN_UNINITIALIZED_AUTOS = YES_AGGRESSIVE;
				GCC_WARN_UNUSED_FUNCTION = YES;
				GCC_WARN_UNUSED_VARIABLE = YES;
				IPHONEOS_DEPLOYMENT_TARGET = 13.2;
				MTL_ENABLE_DEBUG_INFO = INCLUDE_SOURCE;
				MTL_FAST_MATH = YES;
				ONLY_ACTIVE_ARCH = YES;
				SDKROOT = iphoneos;
				SWIFT_ACTIVE_COMPILATION_CONDITIONS = DEBUG;
				SWIFT_OPTIMIZATION_LEVEL = "-Onone";
			};
			name = Debug;
		};
		5DDBE96B240D3C1000134468 /* Release */ = {
			isa = XCBuildConfiguration;
			buildSettings = {
				ALWAYS_SEARCH_USER_PATHS = NO;
				CLANG_ANALYZER_NONNULL = YES;
				CLANG_ANALYZER_NUMBER_OBJECT_CONVERSION = YES_AGGRESSIVE;
				CLANG_CXX_LANGUAGE_STANDARD = "gnu++14";
				CLANG_CXX_LIBRARY = "libc++";
				CLANG_ENABLE_MODULES = YES;
				CLANG_ENABLE_OBJC_ARC = YES;
				CLANG_ENABLE_OBJC_WEAK = YES;
				CLANG_WARN_BLOCK_CAPTURE_AUTORELEASING = YES;
				CLANG_WARN_BOOL_CONVERSION = YES;
				CLANG_WARN_COMMA = YES;
				CLANG_WARN_CONSTANT_CONVERSION = YES;
				CLANG_WARN_DEPRECATED_OBJC_IMPLEMENTATIONS = YES;
				CLANG_WARN_DIRECT_OBJC_ISA_USAGE = YES_ERROR;
				CLANG_WARN_DOCUMENTATION_COMMENTS = YES;
				CLANG_WARN_EMPTY_BODY = YES;
				CLANG_WARN_ENUM_CONVERSION = YES;
				CLANG_WARN_INFINITE_RECURSION = YES;
				CLANG_WARN_INT_CONVERSION = YES;
				CLANG_WARN_NON_LITERAL_NULL_CONVERSION = YES;
				CLANG_WARN_OBJC_IMPLICIT_RETAIN_SELF = YES;
				CLANG_WARN_OBJC_LITERAL_CONVERSION = YES;
				CLANG_WARN_OBJC_ROOT_CLASS = YES_ERROR;
				CLANG_WARN_RANGE_LOOP_ANALYSIS = YES;
				CLANG_WARN_STRICT_PROTOTYPES = YES;
				CLANG_WARN_SUSPICIOUS_MOVE = YES;
				CLANG_WARN_UNGUARDED_AVAILABILITY = YES_AGGRESSIVE;
				CLANG_WARN_UNREACHABLE_CODE = YES;
				CLANG_WARN__DUPLICATE_METHOD_MATCH = YES;
				COPY_PHASE_STRIP = NO;
				DEBUG_INFORMATION_FORMAT = "dwarf-with-dsym";
				ENABLE_NS_ASSERTIONS = NO;
				ENABLE_STRICT_OBJC_MSGSEND = YES;
				GCC_C_LANGUAGE_STANDARD = gnu11;
				GCC_NO_COMMON_BLOCKS = YES;
				GCC_WARN_64_TO_32_BIT_CONVERSION = YES;
				GCC_WARN_ABOUT_RETURN_TYPE = YES_ERROR;
				GCC_WARN_UNDECLARED_SELECTOR = YES;
				GCC_WARN_UNINITIALIZED_AUTOS = YES_AGGRESSIVE;
				GCC_WARN_UNUSED_FUNCTION = YES;
				GCC_WARN_UNUSED_VARIABLE = YES;
				IPHONEOS_DEPLOYMENT_TARGET = 13.2;
				MTL_ENABLE_DEBUG_INFO = NO;
				MTL_FAST_MATH = YES;
				SDKROOT = iphoneos;
				SWIFT_COMPILATION_MODE = wholemodule;
				SWIFT_OPTIMIZATION_LEVEL = "-O";
				VALIDATE_PRODUCT = YES;
			};
			name = Release;
		};
		5DDBE96D240D3C1000134468 /* Debug */ = {
			isa = XCBuildConfiguration;
			buildSettings = {
				ASSETCATALOG_COMPILER_APPICON_NAME = AppIcon;
				CODE_SIGN_STYLE = Automatic;
				DEVELOPMENT_TEAM = L235G296ZM;
				INFOPLIST_FILE = TextGitLogin/Info.plist;
				LD_RUNPATH_SEARCH_PATHS = (
					"$(inherited)",
					"@executable_path/Frameworks",
				);
				PRODUCT_BUNDLE_IDENTIFIER = KarlJay.TextGitLogin;
				PRODUCT_NAME = "$(TARGET_NAME)";
				SWIFT_VERSION = 5.0;
				TARGETED_DEVICE_FAMILY = "1,2";
			};
			name = Debug;
		};
		5DDBE96E240D3C1000134468 /* Release */ = {
			isa = XCBuildConfiguration;
			buildSettings = {
				ASSETCATALOG_COMPILER_APPICON_NAME = AppIcon;
				CODE_SIGN_STYLE = Automatic;
				DEVELOPMENT_TEAM = L235G296ZM;
				INFOPLIST_FILE = TextGitLogin/Info.plist;
				LD_RUNPATH_SEARCH_PATHS = (
					"$(inherited)",
					"@executable_path/Frameworks",
				);
				PRODUCT_BUNDLE_IDENTIFIER = KarlJay.TextGitLogin;
				PRODUCT_NAME = "$(TARGET_NAME)";
				SWIFT_VERSION = 5.0;
				TARGETED_DEVICE_FAMILY = "1,2";
			};
			name = Release;
		};
		5DDBE970240D3C1000134468 /* Debug */ = {
			isa = XCBuildConfiguration;
			buildSettings = {
				ALWAYS_EMBED_SWIFT_STANDARD_LIBRARIES = YES;
				BUNDLE_LOADER = "$(TEST_HOST)";
				CODE_SIGN_STYLE = Automatic;
				DEVELOPMENT_TEAM = L235G296ZM;
				INFOPLIST_FILE = TextGitLoginTests/Info.plist;
				IPHONEOS_DEPLOYMENT_TARGET = 13.2;
				LD_RUNPATH_SEARCH_PATHS = (
					"$(inherited)",
					"@executable_path/Frameworks",
					"@loader_path/Frameworks",
				);
				PRODUCT_BUNDLE_IDENTIFIER = KarlJay.TextGitLoginTests;
				PRODUCT_NAME = "$(TARGET_NAME)";
				SWIFT_VERSION = 5.0;
				TARGETED_DEVICE_FAMILY = "1,2";
				TEST_HOST = "$(BUILT_PRODUCTS_DIR)/TextGitLogin.app/TextGitLogin";
			};
			name = Debug;
		};
		5DDBE971240D3C1000134468 /* Release */ = {
			isa = XCBuildConfiguration;
			buildSettings = {
				ALWAYS_EMBED_SWIFT_STANDARD_LIBRARIES = YES;
				BUNDLE_LOADER = "$(TEST_HOST)";
				CODE_SIGN_STYLE = Automatic;
				DEVELOPMENT_TEAM = L235G296ZM;
				INFOPLIST_FILE = TextGitLoginTests/Info.plist;
				IPHONEOS_DEPLOYMENT_TARGET = 13.2;
				LD_RUNPATH_SEARCH_PATHS = (
					"$(inherited)",
					"@executable_path/Frameworks",
					"@loader_path/Frameworks",
				);
				PRODUCT_BUNDLE_IDENTIFIER = KarlJay.TextGitLoginTests;
				PRODUCT_NAME = "$(TARGET_NAME)";
				SWIFT_VERSION = 5.0;
				TARGETED_DEVICE_FAMILY = "1,2";
				TEST_HOST = "$(BUILT_PRODUCTS_DIR)/TextGitLogin.app/TextGitLogin";
			};
			name = Release;
		};
		5DDBE973240D3C1000134468 /* Debug */ = {
			isa = XCBuildConfiguration;
			buildSettings = {
				ALWAYS_EMBED_SWIFT_STANDARD_LIBRARIES = YES;
				CODE_SIGN_STYLE = Automatic;
				DEVELOPMENT_TEAM = L235G296ZM;
				INFOPLIST_FILE = TextGitLoginUITests/Info.plist;
				LD_RUNPATH_SEARCH_PATHS = (
					"$(inherited)",
					"@executable_path/Frameworks",
					"@loader_path/Frameworks",
				);
				PRODUCT_BUNDLE_IDENTIFIER = KarlJay.TextGitLoginUITests;
				PRODUCT_NAME = "$(TARGET_NAME)";
				SWIFT_VERSION = 5.0;
				TARGETED_DEVICE_FAMILY = "1,2";
				TEST_TARGET_NAME = TextGitLogin;
			};
			name = Debug;
		};
		5DDBE974240D3C1000134468 /* Release */ = {
			isa = XCBuildConfiguration;
			buildSettings = {
				ALWAYS_EMBED_SWIFT_STANDARD_LIBRARIES = YES;
				CODE_SIGN_STYLE = Automatic;
				DEVELOPMENT_TEAM = L235G296ZM;
				INFOPLIST_FILE = TextGitLoginUITests/Info.plist;
				LD_RUNPATH_SEARCH_PATHS = (
					"$(inherited)",
					"@executable_path/Frameworks",
					"@loader_path/Frameworks",
				);
				PRODUCT_BUNDLE_IDENTIFIER = KarlJay.TextGitLoginUITests;
				PRODUCT_NAME = "$(TARGET_NAME)";
				SWIFT_VERSION = 5.0;
				TARGETED_DEVICE_FAMILY = "1,2";
				TEST_TARGET_NAME = TextGitLogin;
			};
			name = Release;
		};
/* End XCBuildConfiguration section */

/* Begin XCConfigurationList section */
		5DDBE93D240D3C0B00134468 /* Build configuration list for PBXProject "TextGitLogin" */ = {
			isa = XCConfigurationList;
			buildConfigurations = (
				5DDBE96A240D3C1000134468 /* Debug */,
				5DDBE96B240D3C1000134468 /* Release */,
			);
			defaultConfigurationIsVisible = 0;
			defaultConfigurationName = Release;
		};
		5DDBE96C240D3C1000134468 /* Build configuration list for PBXNativeTarget "TextGitLogin" */ = {
			isa = XCConfigurationList;
			buildConfigurations = (
				5DDBE96D240D3C1000134468 /* Debug */,
				5DDBE96E240D3C1000134468 /* Release */,
			);
			defaultConfigurationIsVisible = 0;
			defaultConfigurationName = Release;
		};
		5DDBE96F240D3C1000134468 /* Build configuration list for PBXNativeTarget "TextGitLoginTests" */ = {
			isa = XCConfigurationList;
			buildConfigurations = (
				5DDBE970240D3C1000134468 /* Debug */,
				5DDBE971240D3C1000134468 /* Release */,
			);
			defaultConfigurationIsVisible = 0;
			defaultConfigurationName = Release;
		};
		5DDBE972240D3C1000134468 /* Build configuration list for PBXNativeTarget "TextGitLoginUITests" */ = {
			isa = XCConfigurationList;
			buildConfigurations = (
				5DDBE973240D3C1000134468 /* Debug */,
				5DDBE974240D3C1000134468 /* Release */,
			);
			defaultConfigurationIsVisible = 0;
			defaultConfigurationName = Release;
		};
/* End XCConfigurationList section */
	};
	rootObject = 5DDBE93A240D3C0B00134468 /* Project object */;
}
